{
  "requires": true,
  "lockfileVersion": 1,
  "dependencies": {
    "@types/google-apps-script": {
      "version": "0.0.41",
      "resolved": "https://registry.npmjs.org/@types/google-apps-script/-/google-apps-script-0.0.41.tgz",
      "integrity": "sha512-qph/sX1D+SSQcrtO/54d+2fv950pZL0FClFLISnemPHI3KF05djrnv1HDdVdNFFTwfAtDI6Ww6VI2PgCkinKQw=="
    },
    "ts2gas": {
      "version": "3.4.4",
      "resolved": "https://registry.npmjs.org/ts2gas/-/ts2gas-3.4.4.tgz",
      "integrity": "sha512-u49TaxHUn+y88XqAJSyun488Yc7oqjZUCi/swOT1OP3qiHa/wJTeUH68842US+3OXxKk/As5SRmUHfChTcG3Ng==",
      "requires": {
        "typescript": "^3.4.4"
      }
    },
    "typescript": {
      "version": "3.4.5",
      "resolved": "https://registry.npmjs.org/typescript/-/typescript-3.4.5.tgz",
      "integrity": "sha512-YycBxUb49UUhdNMU5aJ7z5Ej2XGmaIBL0x34vZ82fn3hGvD+bgrMrVDpatgz2f7YxUMJxMkbWxJZeAvDxVe7Vw=="
    }
  }
}
